
Microsoft Visual Studio Solution File, Format Version 12.00
# Visual Studio Version 17
VisualStudioVersion = 17.11.35312.102
MinimumVisualStudioVersion = 10.0.40219.1
Project("{FAE04EC0-301F-11D3-BF4B-00C04F79EFBC}") = "Notification", "Notification.csproj", "{1EAF6A47-A5AB-4861-8718-5D8899BF3828}"
EndProject
Project("{FAE04EC0-301F-11D3-BF4B-00C04F79EFBC}") = "Notification.ConsoleApp", "..\Notification.ConsoleApp\Notification.ConsoleApp.csproj", "{CBB13365-B8E8-4503-8D05-B60DC7E6EEA1}"
EndProject
Project("{FAE04EC0-301F-11D3-BF4B-00C04F79EFBC}") = "Notification.Client", "..\Notification.Client\Notification.Client.csproj", "{BE58B223-C96A-44FF-9B12-2A75A9ED9453}"
EndProject
Global
	GlobalSection(SolutionConfigurationPlatforms) = preSolution
		Debug|Any CPU = Debug|Any CPU
		Release|Any CPU = Release|Any CPU
	EndGlobalSection
	GlobalSection(ProjectConfigurationPlatforms) = postSolution
		{1EAF6A47-A5AB-4861-8718-5D8899BF3828}.Debug|Any CPU.ActiveCfg = Debug|Any CPU
		{1EAF6A47-A5AB-4861-8718-5D8899BF3828}.Debug|Any CPU.Build.0 = Debug|Any CPU
		{1EAF6A47-A5AB-4861-8718-5D8899BF3828}.Release|Any CPU.ActiveCfg = Release|Any CPU
		{1EAF6A47-A5AB-4861-8718-5D8899BF3828}.Release|Any CPU.Build.0 = Release|Any CPU
		{CBB13365-B8E8-4503-8D05-B60DC7E6EEA1}.Debug|Any CPU.ActiveCfg = Debug|Any CPU
		{CBB13365-B8E8-4503-8D05-B60DC7E6EEA1}.Debug|Any CPU.Build.0 = Debug|Any CPU
		{CBB13365-B8E8-4503-8D05-B60DC7E6EEA1}.Release|Any CPU.ActiveCfg = Release|Any CPU
		{CBB13365-B8E8-4503-8D05-B60DC7E6EEA1}.Release|Any CPU.Build.0 = Release|Any CPU
		{BE58B223-C96A-44FF-9B12-2A75A9ED9453}.Debug|Any CPU.ActiveCfg = Debug|Any CPU
		{BE58B223-C96A-44FF-9B12-2A75A9ED9453}.Debug|Any CPU.Build.0 = Debug|Any CPU
		{BE58B223-C96A-44FF-9B12-2A75A9ED9453}.Release|Any CPU.ActiveCfg = Release|Any CPU
		{BE58B223-C96A-44FF-9B12-2A75A9ED9453}.Release|Any CPU.Build.0 = Release|Any CPU
	EndGlobalSection
	GlobalSection(SolutionProperties) = preSolution
		HideSolutionNode = FALSE
	EndGlobalSection
	GlobalSection(ExtensibilityGlobals) = postSolution
		SolutionGuid = {1CF57701-CF04-4F91-AAB9-5047A8FC564D}
	EndGlobalSection
EndGlobal
